
Microsoft Visual Studio Solution File, Format Version 12.00
# Visual Studio Version 17
VisualStudioVersion = 17.2.32616.157
MinimumVisualStudioVersion = 10.0.40219.1
Project("{FAE04EC0-301F-11D3-BF4B-00C04F79EFBC}") = "LeWord", "LeWord\LeWord.csproj", "{2B71922A-3C92-41AD-B24F-9F86C8DCF356}"
EndProject
Global
	GlobalSection(SolutionConfigurationPlatforms) = preSolution
		Debug|Any CPU = Debug|Any CPU
		Release|Any CPU = Release|Any CPU
	EndGlobalSection
	GlobalSection(ProjectConfigurationPlatforms) = postSolution
		{2B71922A-3C92-41AD-B24F-9F86C8DCF356}.Debug|Any CPU.ActiveCfg = Debug|Any CPU
		{2B71922A-3C92-41AD-B24F-9F86C8DCF356}.Debug|Any CPU.Build.0 = Debug|Any CPU
		{2B71922A-3C92-41AD-B24F-9F86C8DCF356}.Release|Any CPU.ActiveCfg = Release|Any CPU
		{2B71922A-3C92-41AD-B24F-9F86C8DCF356}.Release|Any CPU.Build.0 = Release|Any CPU
	EndGlobalSection
	GlobalSection(SolutionProperties) = preSolution
		HideSolutionNode = FALSE
	EndGlobalSection
	GlobalSection(ExtensibilityGlobals) = postSolution
		SolutionGuid = {74CB782B-FC09-4F9D-B517-5AD4C265A001}
	EndGlobalSection
EndGlobal
